// !$*UTF8*$!
{
	archiveVersion = 1;
	classes = {
	};
	objectVersion = 46;
	objects = {

/* Begin PBXBuildFile section */
		6269E6A71D69472E0037A64B /* California.swift in Sources */ = {isa = PBXBuildFile; fileRef = 6269E6A61D69472E0037A64B /* California.swift */; };
		629C34EF1D6B79E500549147 /* city.json in Resources */ = {isa = PBXBuildFile; fileRef = 629C34EE1D6B79E500549147 /* city.json */; };
		62A831981D6541E10058790E /* AppDelegate.swift in Sources */ = {isa = PBXBuildFile; fileRef = 62A831971D6541E10058790E /* AppDelegate.swift */; };
		62A8319A1D6541E10058790E /* ViewController.swift in Sources */ = {isa = PBXBuildFile; fileRef = 62A831991D6541E10058790E /* ViewController.swift */; };
		62A8319D1D6541E10058790E /* Main.storyboard in Resources */ = {isa = PBXBuildFile; fileRef = 62A8319B1D6541E10058790E /* Main.storyboard */; };
		62A8319F1D6541E10058790E /* Assets.xcassets in Resources */ = {isa = PBXBuildFile; fileRef = 62A8319E1D6541E10058790E /* Assets.xcassets */; };
		62A831A21D6541E10058790E /* LaunchScreen.storyboard in Resources */ = {isa = PBXBuildFile; fileRef = 62A831A01D6541E10058790E /* LaunchScreen.storyboard */; };
		62C66A4F1D656DAE002C85FA /* City.swift in Sources */ = {isa = PBXBuildFile; fileRef = 62C66A4E1D656DAE002C85FA /* City.swift */; };
		62C66A551D66E113002C85FA /* Constants.swift in Sources */ = {isa = PBXBuildFile; fileRef = 62C66A541D66E113002C85FA /* Constants.swift */; };
		E01EDC7F876C5FC4F6B22B16 /* Pods_WeatherApp.framework in Frameworks */ = {isa = PBXBuildFile; fileRef = 32E156834BE6A1EB792275C7 /* Pods_WeatherApp.framework */; };
/* End PBXBuildFile section */

/* Begin PBXFileReference section */
		1339365E0CB3A15876C0C809 /* Pods-WeatherApp.debug.xcconfig */ = {isa = PBXFileReference; includeInIndex = 1; lastKnownFileType = text.xcconfig; name = "Pods-WeatherApp.debug.xcconfig"; path = "Pods/Target Support Files/Pods-WeatherApp/Pods-WeatherApp.debug.xcconfig"; sourceTree = "<group>"; };
		32E156834BE6A1EB792275C7 /* Pods_WeatherApp.framework */ = {isa = PBXFileReference; explicitFileType = wrapper.framework; includeInIndex = 0; path = Pods_WeatherApp.framework; sourceTree = BUILT_PRODUCTS_DIR; };
		6269E6A61D69472E0037A64B /* California.swift */ = {isa = PBXFileReference; fileEncoding = 4; lastKnownFileType = sourcecode.swift; path = California.swift; sourceTree = "<group>"; };
		629C34EE1D6B79E500549147 /* city.json */ = {isa = PBXFileReference; fileEncoding = 4; lastKnownFileType = text.json; path = city.json; sourceTree = "<group>"; };
		62A831941D6541E00058790E /* WeatherApp.app */ = {isa = PBXFileReference; explicitFileType = wrapper.application; includeInIndex = 0; path = WeatherApp.app; sourceTree = BUILT_PRODUCTS_DIR; };
		62A831971D6541E10058790E /* AppDelegate.swift */ = {isa = PBXFileReference; lastKnownFileType = sourcecode.swift; path = AppDelegate.swift; sourceTree = "<group>"; };
		62A831991D6541E10058790E /* ViewController.swift */ = {isa = PBXFileReference; lastKnownFileType = sourcecode.swift; path = ViewController.swift; sourceTree = "<group>"; };
		62A8319C1D6541E10058790E /* Base */ = {isa = PBXFileReference; lastKnownFileType = file.storyboard; name = Base; path = Base.lproj/Main.storyboard; sourceTree = "<group>"; };
		62A8319E1D6541E10058790E /* Assets.xcassets */ = {isa = PBXFileReference; lastKnownFileType = folder.assetcatalog; path = Assets.xcassets; sourceTree = "<group>"; };
		62A831A11D6541E10058790E /* Base */ = {isa = PBXFileReference; lastKnownFileType = file.storyboard; name = Base; path = Base.lproj/LaunchScreen.storyboard; sourceTree = "<group>"; };
		62A831A31D6541E10058790E /* Info.plist */ = {isa = PBXFileReference; lastKnownFileType = text.plist.xml; path = Info.plist; sourceTree = "<group>"; };
		62C66A4E1D656DAE002C85FA /* City.swift */ = {isa = PBXFileReference; fileEncoding = 4; lastKnownFileType = sourcecode.swift; path = City.swift; sourceTree = "<group>"; };
		62C66A541D66E113002C85FA /* Constants.swift */ = {isa = PBXFileReference; fileEncoding = 4; lastKnownFileType = sourcecode.swift; path = Constants.swift; sourceTree = "<group>"; };
		D3E53C269C41EA596CFCB330 /* Pods-WeatherApp.release.xcconfig */ = {isa = PBXFileReference; includeInIndex = 1; lastKnownFileType = text.xcconfig; name = "Pods-WeatherApp.release.xcconfig"; path = "Pods/Target Support Files/Pods-WeatherApp/Pods-WeatherApp.release.xcconfig"; sourceTree = "<group>"; };
/* End PBXFileReference section */

/* Begin PBXFrameworksBuildPhase section */
		62A831911D6541E00058790E /* Frameworks */ = {
			isa = PBXFrameworksBuildPhase;
			buildActionMask = 2147483647;
			files = (
				E01EDC7F876C5FC4F6B22B16 /* Pods_WeatherApp.framework in Frameworks */,
			);
			runOnlyForDeploymentPostprocessing = 0;
		};
/* End PBXFrameworksBuildPhase section */

/* Begin PBXGroup section */
		62A8318B1D6541E00058790E = {
			isa = PBXGroup;
			children = (
				62A831961D6541E10058790E /* WeatherApp */,
				62A831951D6541E00058790E /* Products */,
				E1FCFC0A1149F9510AB46352 /* Pods */,
				D907EAD5F51E558CD6EE728D /* Frameworks */,
			);
			sourceTree = "<group>";
		};
		62A831951D6541E00058790E /* Products */ = {
			isa = PBXGroup;
			children = (
				62A831941D6541E00058790E /* WeatherApp.app */,
			);
			name = Products;
			sourceTree = "<group>";
		};
		62A831961D6541E10058790E /* WeatherApp */ = {
			isa = PBXGroup;
			children = (
				62C66A491D656B54002C85FA /* Model */,
				62C66A4A1D656BA3002C85FA /* View */,
				62C66A4B1D656BAA002C85FA /* Controller */,
				62C66A4C1D656C1F002C85FA /* Resources */,
				62C66A4D1D656C28002C85FA /* Utilities */,
				62A831971D6541E10058790E /* AppDelegate.swift */,
				62A8319B1D6541E10058790E /* Main.storyboard */,
				62A8319E1D6541E10058790E /* Assets.xcassets */,
				62A831A01D6541E10058790E /* LaunchScreen.storyboard */,
				62A831A31D6541E10058790E /* Info.plist */,
			);
			path = WeatherApp;
			sourceTree = "<group>";
		};
		62C66A491D656B54002C85FA /* Model */ = {
			isa = PBXGroup;
			children = (
				62C66A4E1D656DAE002C85FA /* City.swift */,
			);
			name = Model;
			sourceTree = "<group>";
		};
		62C66A4A1D656BA3002C85FA /* View */ = {
			isa = PBXGroup;
			children = (
			);
			name = View;
			sourceTree = "<group>";
		};
		62C66A4B1D656BAA002C85FA /* Controller */ = {
			isa = PBXGroup;
			children = (
				62A831991D6541E10058790E /* ViewController.swift */,
			);
			name = Controller;
			sourceTree = "<group>";
		};
		62C66A4C1D656C1F002C85FA /* Resources */ = {
			isa = PBXGroup;
			children = (
				629C34EE1D6B79E500549147 /* city.json */,
			);
			name = Resources;
			sourceTree = "<group>";
		};
		62C66A4D1D656C28002C85FA /* Utilities */ = {
			isa = PBXGroup;
			children = (
				62C66A541D66E113002C85FA /* Constants.swift */,
				6269E6A61D69472E0037A64B /* California.swift */,
			);
			name = Utilities;
			sourceTree = "<group>";
		};
		D907EAD5F51E558CD6EE728D /* Frameworks */ = {
			isa = PBXGroup;
			children = (
				32E156834BE6A1EB792275C7 /* Pods_WeatherApp.framework */,
			);
			name = Frameworks;
			sourceTree = "<group>";
		};
		E1FCFC0A1149F9510AB46352 /* Pods */ = {
			isa = PBXGroup;
			children = (
				1339365E0CB3A15876C0C809 /* Pods-WeatherApp.debug.xcconfig */,
				D3E53C269C41EA596CFCB330 /* Pods-WeatherApp.release.xcconfig */,
			);
			name = Pods;
			sourceTree = "<group>";
		};
/* End PBXGroup section */

/* Begin PBXNativeTarget section */
		62A831931D6541E00058790E /* WeatherApp */ = {
			isa = PBXNativeTarget;
			buildConfigurationList = 62A831A61D6541E10058790E /* Build configuration list for PBXNativeTarget "WeatherApp" */;
			buildPhases = (
				EC6A2FF7BAAC2ABE67438463 /* [CP] Check Pods Manifest.lock */,
				62A831901D6541E00058790E /* Sources */,
				62A831911D6541E00058790E /* Frameworks */,
				62A831921D6541E00058790E /* Resources */,
				6728DC302970B027708F0AB9 /* [CP] Embed Pods Frameworks */,
				D5989A8714F9DBAA5B673441 /* [CP] Copy Pods Resources */,
			);
			buildRules = (
			);
			dependencies = (
			);
			name = WeatherApp;
			productName = WeatherApp;
			productReference = 62A831941D6541E00058790E /* WeatherApp.app */;
			productType = "com.apple.product-type.application";
		};
/* End PBXNativeTarget section */

/* Begin PBXProject section */
		62A8318C1D6541E00058790E /* Project object */ = {
			isa = PBXProject;
			attributes = {
				LastSwiftUpdateCheck = 0730;
				LastUpgradeCheck = 0730;
				ORGANIZATIONNAME = "Vandan Patel";
				TargetAttributes = {
					62A831931D6541E00058790E = {
						CreatedOnToolsVersion = 7.3.1;
					};
				};
			};
			buildConfigurationList = 62A8318F1D6541E00058790E /* Build configuration list for PBXProject "WeatherApp" */;
			compatibilityVersion = "Xcode 3.2";
			developmentRegion = English;
			hasScannedForEncodings = 0;
			knownRegions = (
				en,
				Base,
			);
			mainGroup = 62A8318B1D6541E00058790E;
			productRefGroup = 62A831951D6541E00058790E /* Products */;
			projectDirPath = "";
			projectRoot = "";
			targets = (
				62A831931D6541E00058790E /* WeatherApp */,
			);
		};
/* End PBXProject section */

/* Begin PBXResourcesBuildPhase section */
		62A831921D6541E00058790E /* Resources */ = {
			isa = PBXResourcesBuildPhase;
			buildActionMask = 2147483647;
			files = (
				62A831A21D6541E10058790E /* LaunchScreen.storyboard in Resources */,
				62A8319F1D6541E10058790E /* Assets.xcassets in Resources */,
				629C34EF1D6B79E500549147 /* city.json in Resources */,
				62A8319D1D6541E10058790E /* Main.storyboard in Resources */,
			);
			runOnlyForDeploymentPostprocessing = 0;
		};
/* End PBXResourcesBuildPhase section */

/* Begin PBXShellScriptBuildPhase section */
		6728DC302970B027708F0AB9 /* [CP] Embed Pods Frameworks */ = {
			isa = PBXShellScriptBuildPhase;
			buildActionMask = 2147483647;
			files = (
			);
			inputPaths = (
			);
			name = "[CP] Embed Pods Frameworks";
			outputPaths = (
			);
			runOnlyForDeploymentPostprocessing = 0;
			shellPath = /bin/sh;
			shellScript = "\"${SRCROOT}/Pods/Target Support Files/Pods-WeatherApp/Pods-WeatherApp-frameworks.sh\"\n";
			showEnvVarsInLog = 0;
		};
		D5989A8714F9DBAA5B673441 /* [CP] Copy Pods Resources */ = {
			isa = PBXShellScriptBuildPhase;
			buildActionMask = 2147483647;
			files = (
			);
			inputPaths = (
			);
			name = "[CP] Copy Pods Resources";
			outputPaths = (
			);
			runOnlyForDeploymentPostprocessing = 0;
			shellPath = /bin/sh;
			shellScript = "\"${SRCROOT}/Pods/Target Support Files/Pods-WeatherApp/Pods-WeatherApp-resources.sh\"\n";
			showEnvVarsInLog = 0;
		};
		EC6A2FF7BAAC2ABE67438463 /* [CP] Check Pods Manifest.lock */ = {
			isa = PBXShellScriptBuildPhase;
			buildActionMask = 2147483647;
			files = (
			);
			inputPaths = (
			);
			name = "[CP] Check Pods Manifest.lock";
			outputPaths = (
			);
			runOnlyForDeploymentPostprocessing = 0;
			shellPath = /bin/sh;
			shellScript = "diff \"${PODS_ROOT}/../Podfile.lock\" \"${PODS_ROOT}/Manifest.lock\" > /dev/null\nif [[ $? != 0 ]] ; then\n    cat << EOM\nerror: The sandbox is not in sync with the Podfile.lock. Run 'pod install' or update your CocoaPods installation.\nEOM\n    exit 1\nfi\n";
			showEnvVarsInLog = 0;
		};
/* End PBXShellScriptBuildPhase section */

/* Begin PBXSourcesBuildPhase section */
		62A831901D6541E00058790E /* Sources */ = {
			isa = PBXSourcesBuildPhase;
			buildActionMask = 2147483647;
			files = (
				62A8319A1D6541E10058790E /* ViewController.swift in Sources */,
				62A831981D6541E10058790E /* AppDelegate.swift in Sources */,
				6269E6A71D69472E0037A64B /* California.swift in Sources */,
				62C66A4F1D656DAE002C85FA /* City.swift in Sources */,
				62C66A551D66E113002C85FA /* Constants.swift in Sources */,
			);
			runOnlyForDeploymentPostprocessing = 0;
		};
/* End PBXSourcesBuildPhase section */

/* Begin PBXVariantGroup section */
		62A8319B1D6541E10058790E /* Main.storyboard */ = {
			isa = PBXVariantGroup;
			children = (
				62A8319C1D6541E10058790E /* Base */,
			);
			name = Main.storyboard;
			sourceTree = "<group>";
		};
		62A831A01D6541E10058790E /* LaunchScreen.storyboard */ = {
			isa = PBXVariantGroup;
			children = (
				62A831A11D6541E10058790E /* Base */,
			);
			name = LaunchScreen.storyboard;
			sourceTree = "<group>";
		};
/* End PBXVariantGroup section */

/* Begin XCBuildConfiguration section */
		62A831A41D6541E10058790E /* Debug */ = {
			isa = XCBuildConfiguration;
			buildSettings = {
				ALWAYS_SEARCH_USER_PATHS = NO;
				CLANG_ANALYZER_NONNULL = YES;
				CLANG_CXX_LANGUAGE_STANDARD = "gnu++0x";
				CLANG_CXX_LIBRARY = "libc++";
				CLANG_ENABLE_MODULES = YES;
				CLANG_ENABLE_OBJC_ARC = YES;
				CLANG_WARN_BOOL_CONVERSION = YES;
				CLANG_WARN_CONSTANT_CONVERSION = YES;
				CLANG_WARN_DIRECT_OBJC_ISA_USAGE = YES_ERROR;
				CLANG_WARN_EMPTY_BODY = YES;
				CLANG_WARN_ENUM_CONVERSION = YES;
				CLANG_WARN_INT_CONVERSION = YES;
				CLANG_WARN_OBJC_ROOT_CLASS = YES_ERROR;
				CLANG_WARN_UNREACHABLE_CODE = YES;
				CLANG_WARN__DUPLICATE_METHOD_MATCH = YES;
				"CODE_SIGN_IDENTITY[sdk=iphoneos*]" = "iPhone Developer";
				COPY_PHASE_STRIP = NO;
				DEBUG_INFORMATION_FORMAT = dwarf;
				ENABLE_STRICT_OBJC_MSGSEND = YES;
				ENABLE_TESTABILITY = YES;
				GCC_C_LANGUAGE_STANDARD = gnu99;
				GCC_DYNAMIC_NO_PIC = NO;
				GCC_NO_COMMON_BLOCKS = YES;
				GCC_OPTIMIZATION_LEVEL = 0;
				GCC_PREPROCESSOR_DEFINITIONS = (
					"DEBUG=1",
					"$(inherited)",
				);
				GCC_WARN_64_TO_32_BIT_CONVERSION = YES;
				GCC_WARN_ABOUT_RETURN_TYPE = YES_ERROR;
				GCC_WARN_UNDECLARED_SELECTOR = YES;
				GCC_WARN_UNINITIALIZED_AUTOS = YES_AGGRESSIVE;
				GCC_WARN_UNUSED_FUNCTION = YES;
				GCC_WARN_UNUSED_VARIABLE = YES;
				IPHONEOS_DEPLOYMENT_TARGET = 9.3;
				MTL_ENABLE_DEBUG_INFO = YES;
				ONLY_ACTIVE_ARCH = YES;
				SDKROOT = iphoneos;
				SWIFT_OPTIMIZATION_LEVEL = "-Onone";
				TARGETED_DEVICE_FAMILY = "1,2";
			};
			name = Debug;
		};
		62A831A51D6541E10058790E /* Release */ = {
			isa = XCBuildConfiguration;
			buildSettings = {
				ALWAYS_SEARCH_USER_PATHS = NO;
				CLANG_ANALYZER_NONNULL = YES;
				CLANG_CXX_LANGUAGE_STANDARD = "gnu++0x";
				CLANG_CXX_LIBRARY = "libc++";
				CLANG_ENABLE_MODULES = YES;
				CLANG_ENABLE_OBJC_ARC = YES;
				CLANG_WARN_BOOL_CONVERSION = YES;
				CLANG_WARN_CONSTANT_CONVERSION = YES;
				CLANG_WARN_DIRECT_OBJC_ISA_USAGE = YES_ERROR;
				CLANG_WARN_EMPTY_BODY = YES;
				CLANG_WARN_ENUM_CONVERSION = YES;
				CLANG_WARN_INT_CONVERSION = YES;
				CLANG_WARN_OBJC_ROOT_CLASS = YES_ERROR;
				CLANG_WARN_UNREACHABLE_CODE = YES;
				CLANG_WARN__DUPLICATE_METHOD_MATCH = YES;
				"CODE_SIGN_IDENTITY[sdk=iphoneos*]" = "iPhone Developer";
				COPY_PHASE_STRIP = NO;
				DEBUG_INFORMATION_FORMAT = "dwarf-with-dsym";
				ENABLE_NS_ASSERTIONS = NO;
				ENABLE_STRICT_OBJC_MSGSEND = YES;
				GCC_C_LANGUAGE_STANDARD = gnu99;
				GCC_NO_COMMON_BLOCKS = YES;
				GCC_WARN_64_TO_32_BIT_CONVERSION = YES;
				GCC_WARN_ABOUT_RETURN_TYPE = YES_ERROR;
				GCC_WARN_UNDECLARED_SELECTOR = YES;
				GCC_WARN_UNINITIALIZED_AUTOS = YES_AGGRESSIVE;
				GCC_WARN_UNUSED_FUNCTION = YES;
				GCC_WARN_UNUSED_VARIABLE = YES;
				IPHONEOS_DEPLOYMENT_TARGET = 9.3;
				MTL_ENABLE_DEBUG_INFO = NO;
				SDKROOT = iphoneos;
				TARGETED_DEVICE_FAMILY = "1,2";
				VALIDATE_PRODUCT = YES;
			};
			name = Release;
		};
		62A831A71D6541E10058790E /* Debug */ = {
			isa = XCBuildConfiguration;
			baseConfigurationReference = 1339365E0CB3A15876C0C809 /* Pods-WeatherApp.debug.xcconfig */;
			buildSettings = {
				ASSETCATALOG_COMPILER_APPICON_NAME = AppIcon;
				INFOPLIST_FILE = WeatherApp/Info.plist;
				LD_RUNPATH_SEARCH_PATHS = "$(inherited) @executable_path/Frameworks";
				PRODUCT_BUNDLE_IDENTIFIER = com.vandanpatel.WeatherApp;
				PRODUCT_NAME = "$(TARGET_NAME)";
			};
			name = Debug;
		};
		62A831A81D6541E10058790E /* Release */ = {
			isa = XCBuildConfiguration;
			baseConfigurationReference = D3E53C269C41EA596CFCB330 /* Pods-WeatherApp.release.xcconfig */;
			buildSettings = {
				ASSETCATALOG_COMPILER_APPICON_NAME = AppIcon;
				INFOPLIST_FILE = WeatherApp/Info.plist;
				LD_RUNPATH_SEARCH_PATHS = "$(inherited) @executable_path/Frameworks";
				PRODUCT_BUNDLE_IDENTIFIER = com.vandanpatel.WeatherApp;
				PRODUCT_NAME = "$(TARGET_NAME)";
			};
			name = Release;
		};
/* End XCBuildConfiguration section */

/* Begin XCConfigurationList section */
		62A8318F1D6541E00058790E /* Build configuration list for PBXProject "WeatherApp" */ = {
			isa = XCConfigurationList;
			buildConfigurations = (
				62A831A41D6541E10058790E /* Debug */,
				62A831A51D6541E10058790E /* Release */,
			);
			defaultConfigurationIsVisible = 0;
			defaultConfigurationName = Release;
		};
		62A831A61D6541E10058790E /* Build configuration list for PBXNativeTarget "WeatherApp" */ = {
			isa = XCConfigurationList;
			buildConfigurations = (
				62A831A71D6541E10058790E /* Debug */,
				62A831A81D6541E10058790E /* Release */,
			);
			defaultConfigurationIsVisible = 0;
			defaultConfigurationName = Release;
		};
/* End XCConfigurationList section */
	};
	rootObject = 62A8318C1D6541E00058790E /* Project object */;
}
